
Microsoft Visual Studio Solution File, Format Version 12.00
# Visual Studio Version 17
VisualStudioVersion = 17.0.31903.59
MinimumVisualStudioVersion = 15.0.26124.0
Project("{2150E333-8FDC-42A3-9474-1A3956D46DE8}") = "src", "src", "{69C84246-AA75-43E8-94B2-66FD555B18B0}"
EndProject
Project("{2150E333-8FDC-42A3-9474-1A3956D46DE8}") = "docs", "docs", "{DAC1423F-D386-4838-AEA0-8BFFBB449ED2}"
	ProjectSection(SolutionItems) = preProject
		README.md = README.md
	EndProjectSection
EndProject
Project("{2150E333-8FDC-42A3-9474-1A3956D46DE8}") = "test", "test", "{58BC6728-197C-484C-A8EC-38BC2F0B58C4}"
EndProject
Project("{2150E333-8FDC-42A3-9474-1A3956D46DE8}") = "sample", "sample", "{AE2967D9-4B6B-461A-9897-C20E88FC6D54}"
EndProject
Project("{FAE04EC0-301F-11D3-BF4B-00C04F79EFBC}") = "Atc.Aspire.Hosting.Azure.Kusto.Tests", "test\Atc.Aspire.Hosting.Azure.Kusto.Tests\Atc.Aspire.Hosting.Azure.Kusto.Tests.csproj", "{3DEA91DA-4731-470F-9924-4D8135062DF7}"
EndProject
Project("{FAE04EC0-301F-11D3-BF4B-00C04F79EFBC}") = "Atc.Aspire.Hosting.Azure.Kusto.ApiService", "sample\Atc.Aspire.Hosting.Azure.Kusto.ApiService\Atc.Aspire.Hosting.Azure.Kusto.ApiService.csproj", "{031C8E6F-9EDA-460B-8921-999D27500122}"
EndProject
Project("{FAE04EC0-301F-11D3-BF4B-00C04F79EFBC}") = "Atc.Aspire.Hosting.Azure.Kusto.ServiceDefaults", "sample\Atc.Aspire.Hosting.Azure.Kusto.ServiceDefaults\Atc.Aspire.Hosting.Azure.Kusto.ServiceDefaults.csproj", "{CD27616B-E207-4CF6-9A32-6BAFF715B99D}"
EndProject
Project("{FAE04EC0-301F-11D3-BF4B-00C04F79EFBC}") = "Atc.Aspire.Hosting.Azure.Kusto.AppHost", "sample\Atc.Aspire.Hosting.Azure.Kusto.AppHost\Atc.Aspire.Hosting.Azure.Kusto.AppHost.csproj", "{BE8DAFCE-C2FE-4B2B-BBC5-5E216FC3DE2A}"
EndProject
Project("{FAE04EC0-301F-11D3-BF4B-00C04F79EFBC}") = "Atc.Aspire.Hosting.Azure.Kusto", "src\Atc.Aspire.Hosting.Azure.Kusto\Atc.Aspire.Hosting.Azure.Kusto.csproj", "{5D059B37-58F9-4BBF-A94B-B2872E1D0695}"
EndProject
Project("{2150E333-8FDC-42A3-9474-1A3956D46DE8}") = "shared", "shared", "{F9976986-13CB-4AD4-BAF0-3B68638C7B5C}"
	ProjectSection(SolutionItems) = preProject
		src\shared\HealthChecksExtensions.cs = src\shared\HealthChecksExtensions.cs
		src\shared\VolumeNameGenerator.cs = src\shared\VolumeNameGenerator.cs
	EndProjectSection
EndProject
Project("{FAE04EC0-301F-11D3-BF4B-00C04F79EFBC}") = "Atc.Aspire.Azure.Kusto", "src\Atc.Aspire.Azure.Kusto\Atc.Aspire.Azure.Kusto.csproj", "{C2C0FA36-8EDC-4402-A107-ED724D22B063}"
EndProject
Project("{FAE04EC0-301F-11D3-BF4B-00C04F79EFBC}") = "Atc.Aspire.Azure.Kusto.Tests", "test\Atc.Aspire.Azure.Kusto.Tests\Atc.Aspire.Azure.Kusto.Tests.csproj", "{AFDFB2B5-C126-448F-A451-2F8EF89BBC61}"
EndProject
Project("{FAE04EC0-301F-11D3-BF4B-00C04F79EFBC}") = "Atc.Aspire.Testing", "test\Atc.Aspire.Testing\Atc.Aspire.Testing.csproj", "{B1999B3C-C5C8-49C0-86E9-13A6C3DE8BA4}"
EndProject
Global
	GlobalSection(SolutionConfigurationPlatforms) = preSolution
		Debug|Any CPU = Debug|Any CPU
		Release|Any CPU = Release|Any CPU
	EndGlobalSection
	GlobalSection(ProjectConfigurationPlatforms) = postSolution
		{3DEA91DA-4731-470F-9924-4D8135062DF7}.Debug|Any CPU.ActiveCfg = Debug|Any CPU
		{3DEA91DA-4731-470F-9924-4D8135062DF7}.Debug|Any CPU.Build.0 = Debug|Any CPU
		{3DEA91DA-4731-470F-9924-4D8135062DF7}.Release|Any CPU.ActiveCfg = Release|Any CPU
		{3DEA91DA-4731-470F-9924-4D8135062DF7}.Release|Any CPU.Build.0 = Release|Any CPU
		{031C8E6F-9EDA-460B-8921-999D27500122}.Debug|Any CPU.ActiveCfg = Debug|Any CPU
		{031C8E6F-9EDA-460B-8921-999D27500122}.Debug|Any CPU.Build.0 = Debug|Any CPU
		{031C8E6F-9EDA-460B-8921-999D27500122}.Release|Any CPU.ActiveCfg = Release|Any CPU
		{031C8E6F-9EDA-460B-8921-999D27500122}.Release|Any CPU.Build.0 = Release|Any CPU
		{CD27616B-E207-4CF6-9A32-6BAFF715B99D}.Debug|Any CPU.ActiveCfg = Debug|Any CPU
		{CD27616B-E207-4CF6-9A32-6BAFF715B99D}.Debug|Any CPU.Build.0 = Debug|Any CPU
		{CD27616B-E207-4CF6-9A32-6BAFF715B99D}.Release|Any CPU.ActiveCfg = Release|Any CPU
		{CD27616B-E207-4CF6-9A32-6BAFF715B99D}.Release|Any CPU.Build.0 = Release|Any CPU
		{BE8DAFCE-C2FE-4B2B-BBC5-5E216FC3DE2A}.Debug|Any CPU.ActiveCfg = Debug|Any CPU
		{BE8DAFCE-C2FE-4B2B-BBC5-5E216FC3DE2A}.Debug|Any CPU.Build.0 = Debug|Any CPU
		{BE8DAFCE-C2FE-4B2B-BBC5-5E216FC3DE2A}.Release|Any CPU.ActiveCfg = Release|Any CPU
		{BE8DAFCE-C2FE-4B2B-BBC5-5E216FC3DE2A}.Release|Any CPU.Build.0 = Release|Any CPU
		{5D059B37-58F9-4BBF-A94B-B2872E1D0695}.Debug|Any CPU.ActiveCfg = Debug|Any CPU
		{5D059B37-58F9-4BBF-A94B-B2872E1D0695}.Debug|Any CPU.Build.0 = Debug|Any CPU
		{5D059B37-58F9-4BBF-A94B-B2872E1D0695}.Release|Any CPU.ActiveCfg = Release|Any CPU
		{5D059B37-58F9-4BBF-A94B-B2872E1D0695}.Release|Any CPU.Build.0 = Release|Any CPU
		{C2C0FA36-8EDC-4402-A107-ED724D22B063}.Debug|Any CPU.ActiveCfg = Debug|Any CPU
		{C2C0FA36-8EDC-4402-A107-ED724D22B063}.Debug|Any CPU.Build.0 = Debug|Any CPU
		{C2C0FA36-8EDC-4402-A107-ED724D22B063}.Release|Any CPU.ActiveCfg = Release|Any CPU
		{C2C0FA36-8EDC-4402-A107-ED724D22B063}.Release|Any CPU.Build.0 = Release|Any CPU
		{AFDFB2B5-C126-448F-A451-2F8EF89BBC61}.Debug|Any CPU.ActiveCfg = Debug|Any CPU
		{AFDFB2B5-C126-448F-A451-2F8EF89BBC61}.Debug|Any CPU.Build.0 = Debug|Any CPU
		{AFDFB2B5-C126-448F-A451-2F8EF89BBC61}.Release|Any CPU.ActiveCfg = Release|Any CPU
		{AFDFB2B5-C126-448F-A451-2F8EF89BBC61}.Release|Any CPU.Build.0 = Release|Any CPU
		{B1999B3C-C5C8-49C0-86E9-13A6C3DE8BA4}.Debug|Any CPU.ActiveCfg = Debug|Any CPU
		{B1999B3C-C5C8-49C0-86E9-13A6C3DE8BA4}.Debug|Any CPU.Build.0 = Debug|Any CPU
		{B1999B3C-C5C8-49C0-86E9-13A6C3DE8BA4}.Release|Any CPU.ActiveCfg = Release|Any CPU
		{B1999B3C-C5C8-49C0-86E9-13A6C3DE8BA4}.Release|Any CPU.Build.0 = Release|Any CPU
	EndGlobalSection
	GlobalSection(SolutionProperties) = preSolution
		HideSolutionNode = FALSE
	EndGlobalSection
	GlobalSection(NestedProjects) = preSolution
		{3DEA91DA-4731-470F-9924-4D8135062DF7} = {58BC6728-197C-484C-A8EC-38BC2F0B58C4}
		{031C8E6F-9EDA-460B-8921-999D27500122} = {AE2967D9-4B6B-461A-9897-C20E88FC6D54}
		{CD27616B-E207-4CF6-9A32-6BAFF715B99D} = {AE2967D9-4B6B-461A-9897-C20E88FC6D54}
		{BE8DAFCE-C2FE-4B2B-BBC5-5E216FC3DE2A} = {AE2967D9-4B6B-461A-9897-C20E88FC6D54}
		{5D059B37-58F9-4BBF-A94B-B2872E1D0695} = {69C84246-AA75-43E8-94B2-66FD555B18B0}
		{F9976986-13CB-4AD4-BAF0-3B68638C7B5C} = {69C84246-AA75-43E8-94B2-66FD555B18B0}
		{C2C0FA36-8EDC-4402-A107-ED724D22B063} = {69C84246-AA75-43E8-94B2-66FD555B18B0}
		{AFDFB2B5-C126-448F-A451-2F8EF89BBC61} = {58BC6728-197C-484C-A8EC-38BC2F0B58C4}
		{B1999B3C-C5C8-49C0-86E9-13A6C3DE8BA4} = {58BC6728-197C-484C-A8EC-38BC2F0B58C4}
	EndGlobalSection
	GlobalSection(ExtensibilityGlobals) = postSolution
		SolutionGuid = {04120463-05C5-417B-8D7A-2D7D35B71A07}
	EndGlobalSection
EndGlobal
